PODS:
  - Alamofire (4.6.0)
  - Kingfisher (4.6.1)
  - Moya (10.0.2):
    - Moya/Core (= 10.0.2)
  - Moya/Core (10.0.2):
    - Alamofire (~> 4.1)
    - Result (~> 3.0)
  - Moya/RxSwift (10.0.2):
    - Moya/Core
    - RxSwift (~> 4.0)
  - Result (3.2.4)
  - RxCocoa (4.1.2):
    - RxSwift (~> 4.0)
  - RxSwift (4.1.2)

DEPENDENCIES:
  - Kingfisher (~> 4.0)
  - Moya (~> 10.0)
  - Moya/RxSwift (~> 10.0)
  - RxCocoa (~> 4.0)
  - RxSwift (~> 4.0)

SPEC REPOS:
  https://github.com/cocoapods/specs.git:
    - Alamofire
    - Kingfisher
    - Moya
    - Result
    - RxCocoa
    - RxSwift

SPEC CHECKSUMS:
  Alamofire: f41a599bd63041760b26d393ec1069d9d7b917f4
  Kingfisher: 1f9157d9c02b380cbd0b7cc890161195164eb634
  Moya: 2b0531a9fef318e0bc484030c3db1e6f279ccb66
  Result: d2d07204ce72856f1fd9130bbe42c35a7b0fea10
  RxCocoa: d88ba0f1f6abf040011a9eb4b539324fc426843a
  RxSwift: e49536837d9901277638493ea537394d4b55f570

PODFILE CHECKSUM: 4df6542daba05f0b61f0c873ed9ad3088bdf9d2f

COCOAPODS: 1.5.3
